
Microsoft Visual Studio Solution File, Format Version 12.00
# Visual Studio Version 17
VisualStudioVersion = 17.2.32526.322
MinimumVisualStudioVersion = 10.0.40219.1
Project("{9A19103F-16F7-4668-BE54-9A1E7A4F7556}") = "ExelarationOBPAPI", "ExelarationOBPAPI.csproj", "{CE139A86-5F2A-48C0-9C7E-03E015DE4230}"
EndProject
Global
	GlobalSection(SolutionConfigurationPlatforms) = preSolution
		Debug|Any CPU = Debug|Any CPU
		Release|Any CPU = Release|Any CPU
	EndGlobalSection
	GlobalSection(ProjectConfigurationPlatforms) = postSolution
		{CE139A86-5F2A-48C0-9C7E-03E015DE4230}.Debug|Any CPU.ActiveCfg = Debug|Any CPU
		{CE139A86-5F2A-48C0-9C7E-03E015DE4230}.Debug|Any CPU.Build.0 = Debug|Any CPU
		{CE139A86-5F2A-48C0-9C7E-03E015DE4230}.Release|Any CPU.ActiveCfg = Release|Any CPU
		{CE139A86-5F2A-48C0-9C7E-03E015DE4230}.Release|Any CPU.Build.0 = Release|Any CPU
	EndGlobalSection
	GlobalSection(SolutionProperties) = preSolution
		HideSolutionNode = FALSE
	EndGlobalSection
	GlobalSection(ExtensibilityGlobals) = postSolution
		SolutionGuid = {449B5861-A778-46A5-9319-A343656CDF1B}
	EndGlobalSection
EndGlobal
