
Microsoft Visual Studio Solution File, Format Version 12.00
# Visual Studio Version 17
VisualStudioVersion = 17.2.32526.322
MinimumVisualStudioVersion = 10.0.40219.1
Project("{FAE04EC0-301F-11D3-BF4B-00C04F79EFBC}") = "ExelarationOBPASPDotNET", "ExelarationOBPASPDotNET.csproj", "{975466F0-ACF2-45F7-BF78-7C04CEEB5003}"
EndProject
Global
	GlobalSection(SolutionConfigurationPlatforms) = preSolution
		Debug|Any CPU = Debug|Any CPU
		Release|Any CPU = Release|Any CPU
	EndGlobalSection
	GlobalSection(ProjectConfigurationPlatforms) = postSolution
		{975466F0-ACF2-45F7-BF78-7C04CEEB5003}.Debug|Any CPU.ActiveCfg = Debug|Any CPU
		{975466F0-ACF2-45F7-BF78-7C04CEEB5003}.Debug|Any CPU.Build.0 = Debug|Any CPU
		{975466F0-ACF2-45F7-BF78-7C04CEEB5003}.Release|Any CPU.ActiveCfg = Release|Any CPU
		{975466F0-ACF2-45F7-BF78-7C04CEEB5003}.Release|Any CPU.Build.0 = Release|Any CPU
	EndGlobalSection
	GlobalSection(SolutionProperties) = preSolution
		HideSolutionNode = FALSE
	EndGlobalSection
	GlobalSection(ExtensibilityGlobals) = postSolution
		SolutionGuid = {FCDCEC2E-1798-464D-8823-8C6DD832667C}
	EndGlobalSection
EndGlobal
